
Microsoft Visual Studio Solution File, Format Version 12.00
Project("{FAE04EC0-301F-11D3-BF4B-00C04F79EFBC}") = "ApiGateway", "ApiGateway\ApiGateway.csproj", "{E2B2351A-BF2E-4BCF-8D9F-FA151CA07026}"
EndProject
Project("{FAE04EC0-301F-11D3-BF4B-00C04F79EFBC}") = "UserService", "UserService\UserService.csproj", "{CB51F64B-386E-41DD-89B9-300FED6BD7FE}"
EndProject
Project("{FAE04EC0-301F-11D3-BF4B-00C04F79EFBC}") = "OrderService", "OrderService\OrderService.csproj", "{B7AC9B28-A930-4D04-B167-D009327E1A1F}"
EndProject
Project("{FAE04EC0-301F-11D3-BF4B-00C04F79EFBC}") = "ProductService", "ProductService\ProductService.csproj", "{7376099F-9AD7-4EFC-A592-EDAB7CBB1562}"
EndProject
Global
	GlobalSection(SolutionConfigurationPlatforms) = preSolution
		Debug|Any CPU = Debug|Any CPU
		Release|Any CPU = Release|Any CPU
	EndGlobalSection
	GlobalSection(ProjectConfigurationPlatforms) = postSolution
		{E2B2351A-BF2E-4BCF-8D9F-FA151CA07026}.Debug|Any CPU.ActiveCfg = Debug|Any CPU
		{E2B2351A-BF2E-4BCF-8D9F-FA151CA07026}.Debug|Any CPU.Build.0 = Debug|Any CPU
		{E2B2351A-BF2E-4BCF-8D9F-FA151CA07026}.Release|Any CPU.ActiveCfg = Release|Any CPU
		{E2B2351A-BF2E-4BCF-8D9F-FA151CA07026}.Release|Any CPU.Build.0 = Release|Any CPU
		{CB51F64B-386E-41DD-89B9-300FED6BD7FE}.Debug|Any CPU.ActiveCfg = Debug|Any CPU
		{CB51F64B-386E-41DD-89B9-300FED6BD7FE}.Debug|Any CPU.Build.0 = Debug|Any CPU
		{CB51F64B-386E-41DD-89B9-300FED6BD7FE}.Release|Any CPU.ActiveCfg = Release|Any CPU
		{CB51F64B-386E-41DD-89B9-300FED6BD7FE}.Release|Any CPU.Build.0 = Release|Any CPU
		{B7AC9B28-A930-4D04-B167-D009327E1A1F}.Debug|Any CPU.ActiveCfg = Debug|Any CPU
		{B7AC9B28-A930-4D04-B167-D009327E1A1F}.Debug|Any CPU.Build.0 = Debug|Any CPU
		{B7AC9B28-A930-4D04-B167-D009327E1A1F}.Release|Any CPU.ActiveCfg = Release|Any CPU
		{B7AC9B28-A930-4D04-B167-D009327E1A1F}.Release|Any CPU.Build.0 = Release|Any CPU
		{7376099F-9AD7-4EFC-A592-EDAB7CBB1562}.Debug|Any CPU.ActiveCfg = Debug|Any CPU
		{7376099F-9AD7-4EFC-A592-EDAB7CBB1562}.Debug|Any CPU.Build.0 = Debug|Any CPU
		{7376099F-9AD7-4EFC-A592-EDAB7CBB1562}.Release|Any CPU.ActiveCfg = Release|Any CPU
		{7376099F-9AD7-4EFC-A592-EDAB7CBB1562}.Release|Any CPU.Build.0 = Release|Any CPU
	EndGlobalSection
EndGlobal

